{
  "version": 4,
  "terraform_version": "1.7.3",
  "serial": 24,
  "lineage": "96b0f3b8-fd52-7e83-baa0-43d26a8f9698",
  "outputs": {},
  "resources": [
    {
      "module": "module.alert_policy",
      "mode": "managed",
      "type": "newrelic_alert_policy",
      "name": "this",
      "provider": "module.alert_policy.provider[\"registry.terraform.io/newrelic/newrelic\"]",
      "instances": [
        {
          "index_key": 0,
          "schema_version": 0,
          "attributes": {
            "account_id": 4438271,
            "channel_ids": null,
            "id": "5488194",
            "incident_preference": "PER_POLICY",
            "name": "Myalert"
          },
          "sensitive_attributes": [],
          "private": "bnVsbA=="
        }
      ]
    },
    {
      "module": "module.nrql_alert_condition",
      "mode": "managed",
      "type": "newrelic_nrql_alert_condition",
      "name": "this",
      "provider": "module.nrql_alert_condition.provider[\"registry.terraform.io/newrelic/newrelic\"]",
      "instances": [
        {
          "index_key": "condition1",
          "schema_version": 0,
          "attributes": {
            "account_id": 4438271,
            "aggregation_delay": "0",
            "aggregation_method": "event_flow",
            "aggregation_timer": null,
            "aggregation_window": 60,
            "baseline_direction": null,
            "close_violations_on_expiration": true,
            "critical": [
              {
                "duration": 0,
                "operator": "above",
                "threshold": 3,
                "threshold_duration": 600,
                "threshold_occurrences": "all",
                "time_function": ""
              }
            ],
            "description": "Alert when transactions are taking too long",
            "enabled": true,
            "entity_guid": "NDQzODI3MXxBSU9QU3xDT05ESVRJT058NDMyNjM1MDU",
            "evaluation_delay": null,
            "expiration_duration": 86400,
            "fill_option": "none",
            "fill_value": 0,
            "id": "5488194:43263505",
            "name": "Condition 1",
            "nrql": [
              {
                "data_account_id": 0,
                "evaluation_offset": 0,
                "query": "SELECT percentage(count(*), WHERE error IS true) FROM Transaction WHERE appName = 'mmt-blog'",
                "since_value": ""
              }
            ],
            "open_violation_on_expiration": true,
            "policy_id": 5488194,
            "runbook_url": "",
            "slide_by": 30,
            "term": [],
            "timeouts": null,
            "type": "static",
            "violation_time_limit": "NON_MATCHABLE_LIMIT_VALUE",
            "violation_time_limit_seconds": 600,
            "warning": [
              {
                "duration": 0,
                "operator": "above",
                "threshold": 2.1,
                "threshold_duration": 600,
                "threshold_occurrences": "all",
                "time_function": ""
              }
            ]
          },
          "sensitive_attributes": [],
          "private": "eyJlMmJmYjczMC1lY2FhLTExZTYtOGY4OC0zNDM2M2JjN2M0YzAiOnsiY3JlYXRlIjozMDAwMDAwMDAwMH19",
          "dependencies": [
            "module.alert_policy.newrelic_alert_policy.this"
          ]
        },
        {
          "index_key": "condition2",
          "schema_version": 0,
          "attributes": {
            "account_id": 4438271,
            "aggregation_delay": "0",
            "aggregation_method": "event_flow",
            "aggregation_timer": null,
            "aggregation_window": 60,
            "baseline_direction": null,
            "close_violations_on_expiration": true,
            "critical": [
              {
                "duration": 0,
                "operator": "above",
                "threshold": 2,
                "threshold_duration": 300,
                "threshold_occurrences": "all",
                "time_function": ""
              }
            ],
            "description": "Alert when transactions are taking too long",
            "enabled": true,
            "entity_guid": "NDQzODI3MXxBSU9QU3xDT05ESVRJT058NDMyNjM1MDQ",
            "evaluation_delay": null,
            "expiration_duration": 86400,
            "fill_option": "none",
            "fill_value": 0,
            "id": "5488194:43263504",
            "name": "Condition 2",
            "nrql": [
              {
                "data_account_id": 0,
                "evaluation_offset": 0,
                "query": "SELECT average(duration) FROM Transaction WHERE appName='mmt-blog'",
                "since_value": ""
              }
            ],
            "open_violation_on_expiration": true,
            "policy_id": 5488194,
            "runbook_url": "",
            "slide_by": 30,
            "term": [],
            "timeouts": null,
            "type": "static",
            "violation_time_limit": "NON_MATCHABLE_LIMIT_VALUE",
            "violation_time_limit_seconds": 600,
            "warning": [
              {
                "duration": 0,
                "operator": "above",
                "threshold": 1.4,
                "threshold_duration": 300,
                "threshold_occurrences": "all",
                "time_function": ""
              }
            ]
          },
          "sensitive_attributes": [],
          "private": "eyJlMmJmYjczMC1lY2FhLTExZTYtOGY4OC0zNDM2M2JjN2M0YzAiOnsiY3JlYXRlIjozMDAwMDAwMDAwMH19",
          "dependencies": [
            "module.alert_policy.newrelic_alert_policy.this"
          ]
        },
        {
          "index_key": "condition3",
          "schema_version": 0,
          "attributes": {
            "account_id": 4438271,
            "aggregation_delay": "0",
            "aggregation_method": "event_flow",
            "aggregation_timer": null,
            "aggregation_window": 60,
            "baseline_direction": null,
            "close_violations_on_expiration": true,
            "critical": [
              {
                "duration": 0,
                "operator": "above",
                "threshold": 2,
                "threshold_duration": 300,
                "threshold_occurrences": "all",
                "time_function": ""
              }
            ],
            "description": "Alert when transactions are taking too long",
            "enabled": true,
            "entity_guid": "NDQzODI3MXxBSU9QU3xDT05ESVRJT058NDMyNjM3OTQ",
            "evaluation_delay": null,
            "expiration_duration": 86400,
            "fill_option": "none",
            "fill_value": 0,
            "id": "5488194:43263794",
            "name": "Condition 3",
            "nrql": [
              {
                "data_account_id": 0,
                "evaluation_offset": 0,
                "query": "SELECT count(error) FROM Transaction WHERE appName='mmt-blog'",
                "since_value": ""
              }
            ],
            "open_violation_on_expiration": true,
            "policy_id": 5488194,
            "runbook_url": "",
            "slide_by": 30,
            "term": [],
            "timeouts": null,
            "type": "static",
            "violation_time_limit": "NON_MATCHABLE_LIMIT_VALUE",
            "violation_time_limit_seconds": 600,
            "warning": [
              {
                "duration": 0,
                "operator": "above",
                "threshold": 1.4,
                "threshold_duration": 300,
                "threshold_occurrences": "all",
                "time_function": ""
              }
            ]
          },
          "sensitive_attributes": [],
          "private": "eyJlMmJmYjczMC1lY2FhLTExZTYtOGY4OC0zNDM2M2JjN2M0YzAiOnsiY3JlYXRlIjozMDAwMDAwMDAwMH19",
          "dependencies": [
            "module.alert_policy.newrelic_alert_policy.this"
          ]
        },
        {
          "index_key": "condition4",
          "schema_version": 0,
          "attributes": {
            "account_id": 4438271,
            "aggregation_delay": "0",
            "aggregation_method": "event_flow",
            "aggregation_timer": null,
            "aggregation_window": 60,
            "baseline_direction": null,
            "close_violations_on_expiration": true,
            "critical": [
              {
                "duration": 0,
                "operator": "above",
                "threshold": 1,
                "threshold_duration": 300,
                "threshold_occurrences": "all",
                "time_function": ""
              }
            ],
            "description": "Alert when transactions are taking too long",
            "enabled": true,
            "entity_guid": "NDQzODI3MXxBSU9QU3xDT05ESVRJT058NDMyNjY2MzU",
            "evaluation_delay": null,
            "expiration_duration": 86400,
            "fill_option": "none",
            "fill_value": 0,
            "id": "5488194:43266635",
            "name": "Condition 4",
            "nrql": [
              {
                "data_account_id": 0,
                "evaluation_offset": 0,
                "query": "SELECT uniqueCount(session) FROM PageView FACET city, countryCode",
                "since_value": ""
              }
            ],
            "open_violation_on_expiration": true,
            "policy_id": 5488194,
            "runbook_url": "",
            "slide_by": 30,
            "term": [],
            "timeouts": null,
            "type": "static",
            "violation_time_limit": "NON_MATCHABLE_LIMIT_VALUE",
            "violation_time_limit_seconds": 600,
            "warning": [
              {
                "duration": 0,
                "operator": "above",
                "threshold": 0.7,
                "threshold_duration": 300,
                "threshold_occurrences": "all",
                "time_function": ""
              }
            ]
          },
          "sensitive_attributes": [],
          "private": "eyJlMmJmYjczMC1lY2FhLTExZTYtOGY4OC0zNDM2M2JjN2M0YzAiOnsiY3JlYXRlIjozMDAwMDAwMDAwMH19",
          "dependencies": [
            "module.alert_policy.newrelic_alert_policy.this"
          ]
        },
        {
          "index_key": "condition5",
          "schema_version": 0,
          "attributes": {
            "account_id": 4438271,
            "aggregation_delay": "0",
            "aggregation_method": "event_flow",
            "aggregation_timer": null,
            "aggregation_window": 60,
            "baseline_direction": null,
            "close_violations_on_expiration": true,
            "critical": [
              {
                "duration": 0,
                "operator": "above",
                "threshold": 1,
                "threshold_duration": 240,
                "threshold_occurrences": "all",
                "time_function": ""
              }
            ],
            "description": "Alert when transactions are taking too long",
            "enabled": true,
            "entity_guid": "NDQzODI3MXxBSU9QU3xDT05ESVRJT058NDMyNjY2MzQ",
            "evaluation_delay": null,
            "expiration_duration": 86400,
            "fill_option": "none",
            "fill_value": 0,
            "id": "5488194:43266634",
            "name": "Condition 5",
            "nrql": [
              {
                "data_account_id": 0,
                "evaluation_offset": 0,
                "query": "SELECT count(*) FROM Transaction WHERE appName='mmt-blog'",
                "since_value": ""
              }
            ],
            "open_violation_on_expiration": true,
            "policy_id": 5488194,
            "runbook_url": "",
            "slide_by": 30,
            "term": [],
            "timeouts": null,
            "type": "static",
            "violation_time_limit": "NON_MATCHABLE_LIMIT_VALUE",
            "violation_time_limit_seconds": 600,
            "warning": [
              {
                "duration": 0,
                "operator": "above",
                "threshold": 0.7,
                "threshold_duration": 240,
                "threshold_occurrences": "all",
                "time_function": ""
              }
            ]
          },
          "sensitive_attributes": [],
          "private": "eyJlMmJmYjczMC1lY2FhLTExZTYtOGY4OC0zNDM2M2JjN2M0YzAiOnsiY3JlYXRlIjozMDAwMDAwMDAwMH19",
          "dependencies": [
            "module.alert_policy.newrelic_alert_policy.this"
          ]
        }
      ]
    }
  ],
  "check_results": null
}
